
Microsoft Visual Studio Solution File, Format Version 12.00
# Visual Studio Version 16
VisualStudioVersion = 16.0.31313.79
MinimumVisualStudioVersion = 10.0.40219.1
Project("{FAE04EC0-301F-11D3-BF4B-00C04F79EFBC}") = "Zoo", "Zoo\Zoo.csproj", "{CE61B17A-D718-470E-92A3-284E792FEA82}"
EndProject
Global
	GlobalSection(SolutionConfigurationPlatforms) = preSolution
		Debug|Any CPU = Debug|Any CPU
		Release|Any CPU = Release|Any CPU
	EndGlobalSection
	GlobalSection(ProjectConfigurationPlatforms) = postSolution
		{CE61B17A-D718-470E-92A3-284E792FEA82}.Debug|Any CPU.ActiveCfg = Debug|Any CPU
		{CE61B17A-D718-470E-92A3-284E792FEA82}.Debug|Any CPU.Build.0 = Debug|Any CPU
		{CE61B17A-D718-470E-92A3-284E792FEA82}.Release|Any CPU.ActiveCfg = Release|Any CPU
		{CE61B17A-D718-470E-92A3-284E792FEA82}.Release|Any CPU.Build.0 = Release|Any CPU
	EndGlobalSection
	GlobalSection(SolutionProperties) = preSolution
		HideSolutionNode = FALSE
	EndGlobalSection
	GlobalSection(ExtensibilityGlobals) = postSolution
		SolutionGuid = {3D0B574D-F99D-4A1D-BA13-A85A0589A131}
	EndGlobalSection
EndGlobal
